{
  "name": "easy-async-storage",
  "version": "1.0.19",
  "lockfileVersion": 2,
  "requires": true,
  "packages": {
    "": {
      "name": "easy-async-storage",
      "version": "1.0.19",
      "license": "ISC",
      "devDependencies": {
        "easy-async-storage": "^1.0.17",
        "typescript": "^4.7.3"
      }
    },
    "node_modules/easy-async-storage": {
      "version": "1.0.17",
      "resolved": "https://registry.npmmirror.com/easy-async-storage/-/easy-async-storage-1.0.17.tgz",
      "integrity": "sha512-MDHjAtodgDTbN2aY6sxdfW4uesdTT5vyRM0Wk/9IiDL+RazyKuaWwdOBlav8TuyL94xViaQarhpaqlIfcOg4vQ==",
      "dev": true
    },
    "node_modules/typescript": {
      "version": "4.7.3",
      "resolved": "https://registry.npmmirror.com/typescript/-/typescript-4.7.3.tgz",
      "integrity": "sha512-WOkT3XYvrpXx4vMMqlD+8R8R37fZkjyLGlxavMc4iB8lrl8L0DeTcHbYgw/v0N/z9wAFsgBhcsF0ruoySS22mA==",
      "dev": true,
      "bin": {
        "tsc": "bin/tsc",
        "tsserver": "bin/tsserver"
      },
      "engines": {
        "node": ">=4.2.0"
      }
    }
  },
  "dependencies": {
    "easy-async-storage": {
      "version": "1.0.17",
      "resolved": "https://registry.npmmirror.com/easy-async-storage/-/easy-async-storage-1.0.17.tgz",
      "integrity": "sha512-MDHjAtodgDTbN2aY6sxdfW4uesdTT5vyRM0Wk/9IiDL+RazyKuaWwdOBlav8TuyL94xViaQarhpaqlIfcOg4vQ==",
      "dev": true
    },
    "typescript": {
      "version": "4.7.3",
      "resolved": "https://registry.npmmirror.com/typescript/-/typescript-4.7.3.tgz",
      "integrity": "sha512-WOkT3XYvrpXx4vMMqlD+8R8R37fZkjyLGlxavMc4iB8lrl8L0DeTcHbYgw/v0N/z9wAFsgBhcsF0ruoySS22mA==",
      "dev": true
    }
  }
}
